
Microsoft Visual Studio Solution File, Format Version 12.00
# Visual Studio Version 16
VisualStudioVersion = 16.0.29123.88
MinimumVisualStudioVersion = 10.0.40219.1
Project("{FAE04EC0-301F-11D3-BF4B-00C04F79EFBC}") = "FIT5032", "FIT5032.csproj", "{29962386-C0E3-4D05-B7B4-D79E24A3811E}"
EndProject
Global
	GlobalSection(SolutionConfigurationPlatforms) = preSolution
		Debug|Any CPU = Debug|Any CPU
		Release|Any CPU = Release|Any CPU
	EndGlobalSection
	GlobalSection(ProjectConfigurationPlatforms) = postSolution
		{29962386-C0E3-4D05-B7B4-D79E24A3811E}.Debug|Any CPU.ActiveCfg = Debug|Any CPU
		{29962386-C0E3-4D05-B7B4-D79E24A3811E}.Debug|Any CPU.Build.0 = Debug|Any CPU
		{29962386-C0E3-4D05-B7B4-D79E24A3811E}.Release|Any CPU.ActiveCfg = Release|Any CPU
		{29962386-C0E3-4D05-B7B4-D79E24A3811E}.Release|Any CPU.Build.0 = Release|Any CPU
	EndGlobalSection
	GlobalSection(SolutionProperties) = preSolution
		HideSolutionNode = FALSE
	EndGlobalSection
	GlobalSection(ExtensibilityGlobals) = postSolution
		SolutionGuid = {F485135B-3FAE-4294-B351-C364E9E5AAF8}
	EndGlobalSection
EndGlobal
